
Microsoft Visual Studio Solution File, Format Version 11.00
# Visual Studio 2010
Project("{FAE04EC0-301F-11D3-BF4B-00C04F79EFBC}") = "1.19", "Assembly-CSharp-firstpass.csproj", "{7493B759-4E82-2E07-CE66-79342F4290F5}"
EndProject
Project("{FAE04EC0-301F-11D3-BF4B-00C04F79EFBC}") = "1.19", "Assembly-CSharp.csproj", "{7B676DDE-BE95-0F30-428E-C93DFF472C40}"
EndProject
Project("{FAE04EC0-301F-11D3-BF4B-00C04F79EFBC}") = "1.19", "Assembly-CSharp-Editor-firstpass.csproj", "{FB607BC5-7C0F-D02F-B621-CBC164F8A684}"
EndProject
Global
	GlobalSection(SolutionConfigurationPlatforms) = preSolution
		Debug|Any CPU = Debug|Any CPU
		Release|Any CPU = Release|Any CPU
	EndGlobalSection
	GlobalSection(ProjectConfigurationPlatforms) = postSolution
		{7493B759-4E82-2E07-CE66-79342F4290F5}.Debug|Any CPU.ActiveCfg = Debug|Any CPU
		{7493B759-4E82-2E07-CE66-79342F4290F5}.Debug|Any CPU.Build.0 = Debug|Any CPU
		{7493B759-4E82-2E07-CE66-79342F4290F5}.Release|Any CPU.ActiveCfg = Release|Any CPU
		{7493B759-4E82-2E07-CE66-79342F4290F5}.Release|Any CPU.Build.0 = Release|Any CPU
		{7B676DDE-BE95-0F30-428E-C93DFF472C40}.Debug|Any CPU.ActiveCfg = Debug|Any CPU
		{7B676DDE-BE95-0F30-428E-C93DFF472C40}.Debug|Any CPU.Build.0 = Debug|Any CPU
		{7B676DDE-BE95-0F30-428E-C93DFF472C40}.Release|Any CPU.ActiveCfg = Release|Any CPU
		{7B676DDE-BE95-0F30-428E-C93DFF472C40}.Release|Any CPU.Build.0 = Release|Any CPU
		{FB607BC5-7C0F-D02F-B621-CBC164F8A684}.Debug|Any CPU.ActiveCfg = Debug|Any CPU
		{FB607BC5-7C0F-D02F-B621-CBC164F8A684}.Debug|Any CPU.Build.0 = Debug|Any CPU
		{FB607BC5-7C0F-D02F-B621-CBC164F8A684}.Release|Any CPU.ActiveCfg = Release|Any CPU
		{FB607BC5-7C0F-D02F-B621-CBC164F8A684}.Release|Any CPU.Build.0 = Release|Any CPU
	EndGlobalSection
	GlobalSection(SolutionProperties) = preSolution
		HideSolutionNode = FALSE
	EndGlobalSection
	GlobalSection(MonoDevelopProperties) = preSolution
		StartupItem = Assembly-CSharp.csproj
	EndGlobalSection
EndGlobal
